
Microsoft Visual Studio Solution File, Format Version 12.00
# Visual Studio Version 17
VisualStudioVersion = 17.13.35931.197 d17.13
MinimumVisualStudioVersion = 10.0.40219.1
Project("{FAE04EC0-301F-11D3-BF4B-00C04F79EFBC}") = "MediaIsland", "MediaIsland.csproj", "{35FD1221-663D-4CA8-869C-BD34A6B7FA12}"
EndProject
Global
	GlobalSection(SolutionConfigurationPlatforms) = preSolution
		Debug|Any CPU = Debug|Any CPU
		Release|Any CPU = Release|Any CPU
	EndGlobalSection
	GlobalSection(ProjectConfigurationPlatforms) = postSolution
		{35FD1221-663D-4CA8-869C-BD34A6B7FA12}.Debug|Any CPU.ActiveCfg = Debug|Any CPU
		{35FD1221-663D-4CA8-869C-BD34A6B7FA12}.Debug|Any CPU.Build.0 = Debug|Any CPU
		{35FD1221-663D-4CA8-869C-BD34A6B7FA12}.Release|Any CPU.ActiveCfg = Release|Any CPU
		{35FD1221-663D-4CA8-869C-BD34A6B7FA12}.Release|Any CPU.Build.0 = Release|Any CPU
	EndGlobalSection
	GlobalSection(SolutionProperties) = preSolution
		HideSolutionNode = FALSE
	EndGlobalSection
	GlobalSection(ExtensibilityGlobals) = postSolution
		SolutionGuid = {D358DE8B-17C3-406A-8B10-08F1BA9D7D1E}
	EndGlobalSection
EndGlobal
